Microsoft Visual Studio Solution File, Format Version 12.00
# Visual Studio 2022
Project("{FAE04EC0-301F-11D3-BF4B-00C04F79EFBC}") = "Feral Frenzy", "Feral Frenzy.csproj", "{47E8E867-F099-47DD-A16F-E076A2FA2602}"
EndProject
Project("{FAE04EC0-301F-11D3-BF4B-00C04F79EFBC}") = "FeralFrenzy.Core", "FeralFrenzy.Core\FeralFrenzy.Core.csproj", "{2E3F4A5B-6C7D-8E9F-0A1B-2C3D4E5F6A7B}"
EndProject
Project("{FAE04EC0-301F-11D3-BF4B-00C04F79EFBC}") = "FeralFrenzy.Tests", "FeralFrenzy.Tests\FeralFrenzy.Tests.csproj", "{3F4A5B6C-7D8E-9F0A-1B2C-3D4E5F6A7B8C}"
EndProject
Global
	GlobalSection(SolutionConfigurationPlatforms) = preSolution
		Debug|Any CPU = Debug|Any CPU
		ExportDebug|Any CPU = ExportDebug|Any CPU
		ExportRelease|Any CPU = ExportRelease|Any CPU
		Release|Any CPU = Release|Any CPU
	EndGlobalSection
	GlobalSection(ProjectConfigurationPlatforms) = postSolution
		{47E8E867-F099-47DD-A16F-E076A2FA2602}.Debug|Any CPU.ActiveCfg = Debug|Any CPU
		{47E8E867-F099-47DD-A16F-E076A2FA2602}.Debug|Any CPU.Build.0 = Debug|Any CPU
		{47E8E867-F099-47DD-A16F-E076A2FA2602}.ExportDebug|Any CPU.ActiveCfg = ExportDebug|Any CPU
		{47E8E867-F099-47DD-A16F-E076A2FA2602}.ExportDebug|Any CPU.Build.0 = ExportDebug|Any CPU
		{47E8E867-F099-47DD-A16F-E076A2FA2602}.ExportRelease|Any CPU.ActiveCfg = ExportRelease|Any CPU
		{47E8E867-F099-47DD-A16F-E076A2FA2602}.ExportRelease|Any CPU.Build.0 = ExportRelease|Any CPU
		{2E3F4A5B-6C7D-8E9F-0A1B-2C3D4E5F6A7B}.Debug|Any CPU.ActiveCfg = Debug|Any CPU
		{2E3F4A5B-6C7D-8E9F-0A1B-2C3D4E5F6A7B}.Debug|Any CPU.Build.0 = Debug|Any CPU
		{2E3F4A5B-6C7D-8E9F-0A1B-2C3D4E5F6A7B}.Release|Any CPU.ActiveCfg = Release|Any CPU
		{2E3F4A5B-6C7D-8E9F-0A1B-2C3D4E5F6A7B}.Release|Any CPU.Build.0 = Release|Any CPU
		{3F4A5B6C-7D8E-9F0A-1B2C-3D4E5F6A7B8C}.Debug|Any CPU.ActiveCfg = Debug|Any CPU
		{3F4A5B6C-7D8E-9F0A-1B2C-3D4E5F6A7B8C}.Debug|Any CPU.Build.0 = Debug|Any CPU
		{3F4A5B6C-7D8E-9F0A-1B2C-3D4E5F6A7B8C}.Release|Any CPU.ActiveCfg = Release|Any CPU
		{3F4A5B6C-7D8E-9F0A-1B2C-3D4E5F6A7B8C}.Release|Any CPU.Build.0 = Release|Any CPU
	EndGlobalSection
EndGlobal
